
Microsoft Visual Studio Solution File, Format Version 12.00
# Visual Studio 15
VisualStudioVersion = 15.0.26403.3
MinimumVisualStudioVersion = 10.0.40219.1
Project("{FAE04EC0-301F-11D3-BF4B-00C04F79EFBC}") = "DotKEGG.Test", "DotKEGG.Test\DotKEGG.Test.csproj", "{64363D5F-3654-4266-8374-8561A4A14D15}"
EndProject
Project("{7CF6DF6D-3B04-46F8-A40B-537D21BCA0B4}") = "DotKEGG.Docs", "DotKEGG.Docs\DotKEGG.Docs.shfbproj", "{0DE9596F-2702-4856-BDB9-980552D3F8B7}"
EndProject
Project("{FAE04EC0-301F-11D3-BF4B-00C04F79EFBC}") = "DotKEGG", "DotKEGG\DotKEGG.csproj", "{EE1ED93A-535A-49F6-BCE2-D7072B53C2FE}"
EndProject
Project("{FAE04EC0-301F-11D3-BF4B-00C04F79EFBC}") = "DotKEGG.Examples", "DotKEGG.Examples\DotKEGG.Examples.csproj", "{28FDF2F6-81FA-459B-81BC-4F94A130951C}"
EndProject
Global
	GlobalSection(SolutionConfigurationPlatforms) = preSolution
		Debug|Any CPU = Debug|Any CPU
		Release|Any CPU = Release|Any CPU
		Test|Any CPU = Test|Any CPU
	EndGlobalSection
	GlobalSection(ProjectConfigurationPlatforms) = postSolution
		{64363D5F-3654-4266-8374-8561A4A14D15}.Debug|Any CPU.ActiveCfg = Debug|Any CPU
		{64363D5F-3654-4266-8374-8561A4A14D15}.Release|Any CPU.ActiveCfg = Release|Any CPU
		{64363D5F-3654-4266-8374-8561A4A14D15}.Test|Any CPU.ActiveCfg = Debug|Any CPU
		{64363D5F-3654-4266-8374-8561A4A14D15}.Test|Any CPU.Build.0 = Debug|Any CPU
		{0DE9596F-2702-4856-BDB9-980552D3F8B7}.Debug|Any CPU.ActiveCfg = Debug|Any CPU
		{0DE9596F-2702-4856-BDB9-980552D3F8B7}.Release|Any CPU.ActiveCfg = Release|Any CPU
		{0DE9596F-2702-4856-BDB9-980552D3F8B7}.Release|Any CPU.Build.0 = Release|Any CPU
		{0DE9596F-2702-4856-BDB9-980552D3F8B7}.Test|Any CPU.ActiveCfg = Debug|Any CPU
		{EE1ED93A-535A-49F6-BCE2-D7072B53C2FE}.Debug|Any CPU.ActiveCfg = Debug|Any CPU
		{EE1ED93A-535A-49F6-BCE2-D7072B53C2FE}.Debug|Any CPU.Build.0 = Debug|Any CPU
		{EE1ED93A-535A-49F6-BCE2-D7072B53C2FE}.Release|Any CPU.ActiveCfg = Release|Any CPU
		{EE1ED93A-535A-49F6-BCE2-D7072B53C2FE}.Release|Any CPU.Build.0 = Release|Any CPU
		{EE1ED93A-535A-49F6-BCE2-D7072B53C2FE}.Test|Any CPU.ActiveCfg = Debug|Any CPU
		{EE1ED93A-535A-49F6-BCE2-D7072B53C2FE}.Test|Any CPU.Build.0 = Debug|Any CPU
		{28FDF2F6-81FA-459B-81BC-4F94A130951C}.Debug|Any CPU.ActiveCfg = Debug|Any CPU
		{28FDF2F6-81FA-459B-81BC-4F94A130951C}.Release|Any CPU.ActiveCfg = Release|Any CPU
		{28FDF2F6-81FA-459B-81BC-4F94A130951C}.Release|Any CPU.Build.0 = Release|Any CPU
		{28FDF2F6-81FA-459B-81BC-4F94A130951C}.Test|Any CPU.ActiveCfg = Debug|Any CPU
		{28FDF2F6-81FA-459B-81BC-4F94A130951C}.Test|Any CPU.Build.0 = Debug|Any CPU
	EndGlobalSection
	GlobalSection(SolutionProperties) = preSolution
		HideSolutionNode = FALSE
	EndGlobalSection
EndGlobal
